
Microsoft Visual Studio Solution File, Format Version 12.00
# Visual Studio Version 16
VisualStudioVersion = 16.0.29905.134
MinimumVisualStudioVersion = 10.0.40219.1
Project("{FAE04EC0-301F-11D3-BF4B-00C04F79EFBC}") = "PrograBases", "PrograBases\PrograBases.csproj", "{C5E6AD19-B7BD-4F77-B095-C42B8BBAACFF}"
EndProject
Global
	GlobalSection(SolutionConfigurationPlatforms) = preSolution
		Debug|Any CPU = Debug|Any CPU
		Release|Any CPU = Release|Any CPU
	EndGlobalSection
	GlobalSection(ProjectConfigurationPlatforms) = postSolution
		{C5E6AD19-B7BD-4F77-B095-C42B8BBAACFF}.Debug|Any CPU.ActiveCfg = Debug|Any CPU
		{C5E6AD19-B7BD-4F77-B095-C42B8BBAACFF}.Debug|Any CPU.Build.0 = Debug|Any CPU
		{C5E6AD19-B7BD-4F77-B095-C42B8BBAACFF}.Release|Any CPU.ActiveCfg = Release|Any CPU
		{C5E6AD19-B7BD-4F77-B095-C42B8BBAACFF}.Release|Any CPU.Build.0 = Release|Any CPU
	EndGlobalSection
	GlobalSection(SolutionProperties) = preSolution
		HideSolutionNode = FALSE
	EndGlobalSection
	GlobalSection(ExtensibilityGlobals) = postSolution
		SolutionGuid = {5917D154-3F01-48DA-9270-DFE26F9E8BC8}
	EndGlobalSection
EndGlobal
